
Microsoft Visual Studio Solution File, Format Version 12.00
# Visual Studio Version 17
VisualStudioVersion = 17.9.34728.123
MinimumVisualStudioVersion = 10.0.40219.1
Project("{FAE04EC0-301F-11D3-BF4B-00C04F79EFBC}") = "01_MainSubjects", "01_MainSubjects\01_MainSubjects.csproj", "{69A38166-7921-427D-A379-11E5FCA3C8AD}"
EndProject
Project("{FAE04EC0-301F-11D3-BF4B-00C04F79EFBC}") = "02_Variables", "002_Variables\02_Variables.csproj", "{30790855-0F93-4B2B-AEC7-9C46A5159073}"
EndProject
Project("{FAE04EC0-301F-11D3-BF4B-00C04F79EFBC}") = "03_MakingDecision", "03_MakingDecision\03_MakingDecision.csproj", "{C1AD4292-3200-45A5-905D-7231BFDC2E72}"
EndProject
Global
	GlobalSection(SolutionConfigurationPlatforms) = preSolution
		Debug|Any CPU = Debug|Any CPU
		Release|Any CPU = Release|Any CPU
	EndGlobalSection
	GlobalSection(ProjectConfigurationPlatforms) = postSolution
		{69A38166-7921-427D-A379-11E5FCA3C8AD}.Debug|Any CPU.ActiveCfg = Debug|Any CPU
		{69A38166-7921-427D-A379-11E5FCA3C8AD}.Debug|Any CPU.Build.0 = Debug|Any CPU
		{69A38166-7921-427D-A379-11E5FCA3C8AD}.Release|Any CPU.ActiveCfg = Release|Any CPU
		{69A38166-7921-427D-A379-11E5FCA3C8AD}.Release|Any CPU.Build.0 = Release|Any CPU
		{30790855-0F93-4B2B-AEC7-9C46A5159073}.Debug|Any CPU.ActiveCfg = Debug|Any CPU
		{30790855-0F93-4B2B-AEC7-9C46A5159073}.Debug|Any CPU.Build.0 = Debug|Any CPU
		{30790855-0F93-4B2B-AEC7-9C46A5159073}.Release|Any CPU.ActiveCfg = Release|Any CPU
		{30790855-0F93-4B2B-AEC7-9C46A5159073}.Release|Any CPU.Build.0 = Release|Any CPU
		{C1AD4292-3200-45A5-905D-7231BFDC2E72}.Debug|Any CPU.ActiveCfg = Debug|Any CPU
		{C1AD4292-3200-45A5-905D-7231BFDC2E72}.Debug|Any CPU.Build.0 = Debug|Any CPU
		{C1AD4292-3200-45A5-905D-7231BFDC2E72}.Release|Any CPU.ActiveCfg = Release|Any CPU
		{C1AD4292-3200-45A5-905D-7231BFDC2E72}.Release|Any CPU.Build.0 = Release|Any CPU
	EndGlobalSection
	GlobalSection(SolutionProperties) = preSolution
		HideSolutionNode = FALSE
	EndGlobalSection
	GlobalSection(ExtensibilityGlobals) = postSolution
		SolutionGuid = {CBA3F683-C00F-49A2-AE12-EFABA4D0E08F}
	EndGlobalSection
EndGlobal
